
Microsoft Visual Studio Solution File, Format Version 12.00
# Visual Studio Version 17
VisualStudioVersion = 17.14.36414.22 d17.14
MinimumVisualStudioVersion = 10.0.40219.1
Project("{FAE04EC0-301F-11D3-BF4B-00C04F79EFBC}") = "Truco_Projeto", "Truco_Projeto\Truco_Projeto.csproj", "{77011816-6320-4DC1-83B1-477D3027D458}"
EndProject
Global
	GlobalSection(SolutionConfigurationPlatforms) = preSolution
		Debug|Any CPU = Debug|Any CPU
		Release|Any CPU = Release|Any CPU
	EndGlobalSection
	GlobalSection(ProjectConfigurationPlatforms) = postSolution
		{77011816-6320-4DC1-83B1-477D3027D458}.Debug|Any CPU.ActiveCfg = Debug|Any CPU
		{77011816-6320-4DC1-83B1-477D3027D458}.Debug|Any CPU.Build.0 = Debug|Any CPU
		{77011816-6320-4DC1-83B1-477D3027D458}.Release|Any CPU.ActiveCfg = Release|Any CPU
		{77011816-6320-4DC1-83B1-477D3027D458}.Release|Any CPU.Build.0 = Release|Any CPU
	EndGlobalSection
	GlobalSection(SolutionProperties) = preSolution
		HideSolutionNode = FALSE
	EndGlobalSection
	GlobalSection(ExtensibilityGlobals) = postSolution
		SolutionGuid = {94D93583-B834-482A-B991-2ADD979FD5A2}
	EndGlobalSection
EndGlobal
